Microsoft Visual Studio Solution File, Format Version 12.00
# Visual Studio Version 17
VisualStudioVersion = 17.5.2.0
MinimumVisualStudioVersion = 10.0.40219.1
Project("{2150E333-8FDC-42A3-9474-1A3956D46DE8}") = "SEMANA-2", "SEMANA-2", "{40FB141F-79DE-5383-6724-39C676189A3B}"
EndProject
Project("{FAE04EC0-301F-11D3-BF4B-00C04F79EFBC}") = "ArraysProject", "SEMANA-2\ArraysProject.csproj", "{16D94474-A547-32FB-52F9-5DFA1AB9EE94}"
EndProject
Global
	GlobalSection(SolutionConfigurationPlatforms) = preSolution
		Debug|Any CPU = Debug|Any CPU
		Release|Any CPU = Release|Any CPU
	EndGlobalSection
	GlobalSection(ProjectConfigurationPlatforms) = postSolution
		{16D94474-A547-32FB-52F9-5DFA1AB9EE94}.Debug|Any CPU.ActiveCfg = Debug|Any CPU
		{16D94474-A547-32FB-52F9-5DFA1AB9EE94}.Debug|Any CPU.Build.0 = Debug|Any CPU
		{16D94474-A547-32FB-52F9-5DFA1AB9EE94}.Release|Any CPU.ActiveCfg = Release|Any CPU
		{16D94474-A547-32FB-52F9-5DFA1AB9EE94}.Release|Any CPU.Build.0 = Release|Any CPU
	EndGlobalSection
	GlobalSection(SolutionProperties) = preSolution
		HideSolutionNode = FALSE
	EndGlobalSection
	GlobalSection(NestedProjects) = preSolution
		{16D94474-A547-32FB-52F9-5DFA1AB9EE94} = {40FB141F-79DE-5383-6724-39C676189A3B}
	EndGlobalSection
	GlobalSection(ExtensibilityGlobals) = postSolution
		SolutionGuid = {0C139F3B-BAD0-4358-9C2C-EF6EF7CD085E}
	EndGlobalSection
EndGlobal
